
Microsoft Visual Studio Solution File, Format Version 12.00
# Visual Studio Version 17
VisualStudioVersion = 17.4.33110.190
MinimumVisualStudioVersion = 10.0.40219.1
Project("{FAE04EC0-301F-11D3-BF4B-00C04F79EFBC}") = "Atos_ProjetoFinal", "Atos_ProjetoFinal\Atos_ProjetoFinal.csproj", "{4650D99B-73E0-4712-8AA9-292CB8CF873C}"
EndProject
Global
	GlobalSection(SolutionConfigurationPlatforms) = preSolution
		Debug|Any CPU = Debug|Any CPU
		Release|Any CPU = Release|Any CPU
	EndGlobalSection
	GlobalSection(ProjectConfigurationPlatforms) = postSolution
		{4650D99B-73E0-4712-8AA9-292CB8CF873C}.Debug|Any CPU.ActiveCfg = Debug|Any CPU
		{4650D99B-73E0-4712-8AA9-292CB8CF873C}.Debug|Any CPU.Build.0 = Debug|Any CPU
		{4650D99B-73E0-4712-8AA9-292CB8CF873C}.Release|Any CPU.ActiveCfg = Release|Any CPU
		{4650D99B-73E0-4712-8AA9-292CB8CF873C}.Release|Any CPU.Build.0 = Release|Any CPU
	EndGlobalSection
	GlobalSection(SolutionProperties) = preSolution
		HideSolutionNode = FALSE
	EndGlobalSection
	GlobalSection(ExtensibilityGlobals) = postSolution
		SolutionGuid = {E375FDC4-BABC-4414-B814-4EFDAF81358E}
	EndGlobalSection
EndGlobal
